<?xml version="1.0" encoding="utf-8"?>
<Project ToolsVersion="4.0" xmlns="http://schemas.microsoft.com/developer/msbuild/2003">
  <ItemGroup>
    <ClCompile Include="1로만들기.cpp" />
    <ClCompile Include="동전0.cpp" />
    <ClCompile Include="수묶기.cpp" />
    <ClCompile Include="제곱ㄴㄴ수.cpp" />
    <ClCompile Include="준표의조약돌.cpp" />
    <ClCompile Include="회의실 배정.cpp" />
    <ClCompile Include="잃어버린괄호.cpp" />
    <ClCompile Include="종이의개수.cpp" />
    <ClCompile Include="파이프자르기.cpp" />
    <ClCompile Include="4X4미로찾기.cpp" />
    <ClCompile Include="행렬.cpp" />
    <ClCompile Include="경사로.cpp" />
    <ClCompile Include="램프.cpp" />
    <ClCompile Include="스택.cpp" />
    <ClCompile Include="괄호.cpp" />
    <ClCompile Include="쇠파이프.cpp" />
  </ItemGroup>
</Project>